// !$*UTF8*$!
{
	archiveVersion = 1;
	classes = {
	};
	objectVersion = 46;
	objects = {

/* Begin PBXBuildFile section */
		54BBCF081CC7929F00C22E58 /* main.m in Sources */ = {isa = PBXBuildFile; fileRef = 54BBCF071CC7929F00C22E58 /* main.m */; };
		54BBCF0B1CC7929F00C22E58 /* AppDelegate.m in Sources */ = {isa = PBXBuildFile; fileRef = 54BBCF0A1CC7929F00C22E58 /* AppDelegate.m */; };
		54BBCF111CC7929F00C22E58 /* Main.storyboard in Resources */ = {isa = PBXBuildFile; fileRef = 54BBCF0F1CC7929F00C22E58 /* Main.storyboard */; };
		54BBCF131CC7929F00C22E58 /* Assets.xcassets in Resources */ = {isa = PBXBuildFile; fileRef = 54BBCF121CC7929F00C22E58 /* Assets.xcassets */; };
		54BBCF161CC7929F00C22E58 /* LaunchScreen.storyboard in Resources */ = {isa = PBXBuildFile; fileRef = 54BBCF141CC7929F00C22E58 /* LaunchScreen.storyboard */; };
		54BBCF211CC7929F00C22E58 /* collectionViewTests.m in Sources */ = {isa = PBXBuildFile; fileRef = 54BBCF201CC7929F00C22E58 /* collectionViewTests.m */; };
		54BBCF2C1CC7929F00C22E58 /* collectionViewUITests.m in Sources */ = {isa = PBXBuildFile; fileRef = 54BBCF2B1CC7929F00C22E58 /* collectionViewUITests.m */; };
		54BBCF3B1CC7942100C22E58 /* RecipeCollectionCollectionViewController.m in Sources */ = {isa = PBXBuildFile; fileRef = 54BBCF3A1CC7942100C22E58 /* RecipeCollectionCollectionViewController.m */; };
		54BBCF4D1CC7951400C22E58 /* angry_birds_cake.jpg in Resources */ = {isa = PBXBuildFile; fileRef = 54BBCF3C1CC7951400C22E58 /* angry_birds_cake.jpg */; };
		54BBCF4E1CC7951400C22E58 /* creme_brelee.jpg in Resources */ = {isa = PBXBuildFile; fileRef = 54BBCF3D1CC7951400C22E58 /* creme_brelee.jpg */; };
		54BBCF4F1CC7951400C22E58 /* egg_benedict.jpg in Resources */ = {isa = PBXBuildFile; fileRef = 54BBCF3E1CC7951400C22E58 /* egg_benedict.jpg */; };
		54BBCF501CC7951400C22E58 /* full_breakfast.jpg in Resources */ = {isa = PBXBuildFile; fileRef = 54BBCF3F1CC7951400C22E58 /* full_breakfast.jpg */; };
		54BBCF511CC7951400C22E58 /* green_tea.jpg in Resources */ = {isa = PBXBuildFile; fileRef = 54BBCF401CC7951400C22E58 /* green_tea.jpg */; };
		54BBCF521CC7951400C22E58 /* ham_and_cheese_panini.jpg in Resources */ = {isa = PBXBuildFile; fileRef = 54BBCF411CC7951400C22E58 /* ham_and_cheese_panini.jpg */; };
		54BBCF531CC7951400C22E58 /* ham_and_egg_sandwich.jpg in Resources */ = {isa = PBXBuildFile; fileRef = 54BBCF421CC7951400C22E58 /* ham_and_egg_sandwich.jpg */; };
		54BBCF541CC7951400C22E58 /* hamburger.jpg in Resources */ = {isa = PBXBuildFile; fileRef = 54BBCF431CC7951400C22E58 /* hamburger.jpg */; };
		54BBCF551CC7951400C22E58 /* instant_noodle_with_egg.jpg in Resources */ = {isa = PBXBuildFile; fileRef = 54BBCF441CC7951400C22E58 /* instant_noodle_with_egg.jpg */; };
		54BBCF561CC7951400C22E58 /* japanese_noodle_with_pork.jpg in Resources */ = {isa = PBXBuildFile; fileRef = 54BBCF451CC7951400C22E58 /* japanese_noodle_with_pork.jpg */; };
		54BBCF571CC7951400C22E58 /* mushroom_risotto.jpg in Resources */ = {isa = PBXBuildFile; fileRef = 54BBCF461CC7951400C22E58 /* mushroom_risotto.jpg */; };
		54BBCF581CC7951400C22E58 /* noodle_with_bbq_pork.jpg in Resources */ = {isa = PBXBuildFile; fileRef = 54BBCF471CC7951400C22E58 /* noodle_with_bbq_pork.jpg */; };
		54BBCF591CC7951400C22E58 /* photo-frame.png in Resources */ = {isa = PBXBuildFile; fileRef = 54BBCF481CC7951400C22E58 /* photo-frame.png */; };
		54BBCF5A1CC7951400C22E58 /* starbucks_coffee.jpg in Resources */ = {isa = PBXBuildFile; fileRef = 54BBCF491CC7951400C22E58 /* starbucks_coffee.jpg */; };
		54BBCF5B1CC7951400C22E58 /* thai_shrimp_cake.jpg in Resources */ = {isa = PBXBuildFile; fileRef = 54BBCF4A1CC7951400C22E58 /* thai_shrimp_cake.jpg */; };
		54BBCF5C1CC7951400C22E58 /* vegetable_curry.jpg in Resources */ = {isa = PBXBuildFile; fileRef = 54BBCF4B1CC7951400C22E58 /* vegetable_curry.jpg */; };
		54BBCF5D1CC7951400C22E58 /* white_chocolate_donut.jpg in Resources */ = {isa = PBXBuildFile; fileRef = 54BBCF4C1CC7951400C22E58 /* white_chocolate_donut.jpg */; };
/* End PBXBuildFile section */

/* Begin PBXContainerItemProxy section */
		54BBCF1D1CC7929F00C22E58 /* PBXContainerItemProxy */ = {
			isa = PBXContainerItemProxy;
			containerPortal = 54BBCEFB1CC7929F00C22E58 /* Project object */;
			proxyType = 1;
			remoteGlobalIDString = 54BBCF021CC7929F00C22E58;
			remoteInfo = collectionView;
		};
		54BBCF281CC7929F00C22E58 /* PBXContainerItemProxy */ = {
			isa = PBXContainerItemProxy;
			containerPortal = 54BBCEFB1CC7929F00C22E58 /* Project object */;
			proxyType = 1;
			remoteGlobalIDString = 54BBCF021CC7929F00C22E58;
			remoteInfo = collectionView;
		};
/* End PBXContainerItemProxy section */

/* Begin PBXFileReference section */
		54BBCF031CC7929F00C22E58 /* collectionView.app */ = {isa = PBXFileReference; explicitFileType = wrapper.application; includeInIndex = 0; path = collectionView.app; sourceTree = BUILT_PRODUCTS_DIR; };
		54BBCF071CC7929F00C22E58 /* main.m */ = {isa = PBXFileReference; lastKnownFileType = sourcecode.c.objc; path = main.m; sourceTree = "<group>"; };
		54BBCF091CC7929F00C22E58 /* AppDelegate.h */ = {isa = PBXFileReference; lastKnownFileType = sourcecode.c.h; path = AppDelegate.h; sourceTree = "<group>"; };
		54BBCF0A1CC7929F00C22E58 /* AppDelegate.m */ = {isa = PBXFileReference; lastKnownFileType = sourcecode.c.objc; path = AppDelegate.m; sourceTree = "<group>"; };
		54BBCF101CC7929F00C22E58 /* Base */ = {isa = PBXFileReference; lastKnownFileType = file.storyboard; name = Base; path = Base.lproj/Main.storyboard; sourceTree = "<group>"; };
		54BBCF121CC7929F00C22E58 /* Assets.xcassets */ = {isa = PBXFileReference; lastKnownFileType = folder.assetcatalog; path = Assets.xcassets; sourceTree = "<group>"; };
		54BBCF151CC7929F00C22E58 /* Base */ = {isa = PBXFileReference; lastKnownFileType = file.storyboard; name = Base; path = Base.lproj/LaunchScreen.storyboard; sourceTree = "<group>"; };
		54BBCF171CC7929F00C22E58 /* Info.plist */ = {isa = PBXFileReference; lastKnownFileType = text.plist.xml; path = Info.plist; sourceTree = "<group>"; };
		54BBCF1C1CC7929F00C22E58 /* collectionViewTests.xctest */ = {isa = PBXFileReference; explicitFileType = wrapper.cfbundle; includeInIndex = 0; path = collectionViewTests.xctest; sourceTree = BUILT_PRODUCTS_DIR; };
		54BBCF201CC7929F00C22E58 /* collectionViewTests.m */ = {isa = PBXFileReference; lastKnownFileType = sourcecode.c.objc; path = collectionViewTests.m; sourceTree = "<group>"; };
		54BBCF221CC7929F00C22E58 /* Info.plist */ = {isa = PBXFileReference; lastKnownFileType = text.plist.xml; path = Info.plist; sourceTree = "<group>"; };
		54BBCF271CC7929F00C22E58 /* collectionViewUITests.xctest */ = {isa = PBXFileReference; explicitFileType = wrapper.cfbundle; includeInIndex = 0; path = collectionViewUITests.xctest; sourceTree = BUILT_PRODUCTS_DIR; };
		54BBCF2B1CC7929F00C22E58 /* collectionViewUITests.m */ = {isa = PBXFileReference; lastKnownFileType = sourcecode.c.objc; path = collectionViewUITests.m; sourceTree = "<group>"; };
		54BBCF2D1CC7929F00C22E58 /* Info.plist */ = {isa = PBXFileReference; lastKnownFileType = text.plist.xml; path = Info.plist; sourceTree = "<group>"; };
		54BBCF391CC7942100C22E58 /* RecipeCollectionCollectionViewController.h */ = {isa = PBXFileReference; fileEncoding = 4; lastKnownFileType = sourcecode.c.h; path = RecipeCollectionCollectionViewController.h; sourceTree = "<group>"; };
		54BBCF3A1CC7942100C22E58 /* RecipeCollectionCollectionViewController.m */ = {isa = PBXFileReference; fileEncoding = 4; lastKnownFileType = sourcecode.c.objc; path = RecipeCollectionCollectionViewController.m; sourceTree = "<group>"; };
		54BBCF3C1CC7951400C22E58 /* angry_birds_cake.jpg */ = {isa = PBXFileReference; lastKnownFileType = image.jpeg; path = angry_birds_cake.jpg; sourceTree = "<group>"; };
		54BBCF3D1CC7951400C22E58 /* creme_brelee.jpg */ = {isa = PBXFileReference; lastKnownFileType = image.jpeg; path = creme_brelee.jpg; sourceTree = "<group>"; };
		54BBCF3E1CC7951400C22E58 /* egg_benedict.jpg */ = {isa = PBXFileReference; lastKnownFileType = image.jpeg; path = egg_benedict.jpg; sourceTree = "<group>"; };
		54BBCF3F1CC7951400C22E58 /* full_breakfast.jpg */ = {isa = PBXFileReference; lastKnownFileType = image.jpeg; path = full_breakfast.jpg; sourceTree = "<group>"; };
		54BBCF401CC7951400C22E58 /* green_tea.jpg */ = {isa = PBXFileReference; lastKnownFileType = image.jpeg; path = green_tea.jpg; sourceTree = "<group>"; };
		54BBCF411CC7951400C22E58 /* ham_and_cheese_panini.jpg */ = {isa = PBXFileReference; lastKnownFileType = image.jpeg; path = ham_and_cheese_panini.jpg; sourceTree = "<group>"; };
		54BBCF421CC7951400C22E58 /* ham_and_egg_sandwich.jpg */ = {isa = PBXFileReference; lastKnownFileType = image.jpeg; path = ham_and_egg_sandwich.jpg; sourceTree = "<group>"; };
		54BBCF431CC7951400C22E58 /* hamburger.jpg */ = {isa = PBXFileReference; lastKnownFileType = image.jpeg; path = hamburger.jpg; sourceTree = "<group>"; };
		54BBCF441CC7951400C22E58 /* instant_noodle_with_egg.jpg */ = {isa = PBXFileReference; lastKnownFileType = image.jpeg; path = instant_noodle_with_egg.jpg; sourceTree = "<group>"; };
		54BBCF451CC7951400C22E58 /* japanese_noodle_with_pork.jpg */ = {isa = PBXFileReference; lastKnownFileType = image.jpeg; path = japanese_noodle_with_pork.jpg; sourceTree = "<group>"; };
		54BBCF461CC7951400C22E58 /* mushroom_risotto.jpg */ = {isa = PBXFileReference; lastKnownFileType = image.jpeg; path = mushroom_risotto.jpg; sourceTree = "<group>"; };
		54BBCF471CC7951400C22E58 /* noodle_with_bbq_pork.jpg */ = {isa = PBXFileReference; lastKnownFileType = image.jpeg; path = noodle_with_bbq_pork.jpg; sourceTree = "<group>"; };
		54BBCF481CC7951400C22E58 /* photo-frame.png */ = {isa = PBXFileReference; lastKnownFileType = image.png; path = "photo-frame.png"; sourceTree = "<group>"; };
		54BBCF491CC7951400C22E58 /* starbucks_coffee.jpg */ = {isa = PBXFileReference; lastKnownFileType = image.jpeg; path = starbucks_coffee.jpg; sourceTree = "<group>"; };
		54BBCF4A1CC7951400C22E58 /* thai_shrimp_cake.jpg */ = {isa = PBXFileReference; lastKnownFileType = image.jpeg; path = thai_shrimp_cake.jpg; sourceTree = "<group>"; };
		54BBCF4B1CC7951400C22E58 /* vegetable_curry.jpg */ = {isa = PBXFileReference; lastKnownFileType = image.jpeg; path = vegetable_curry.jpg; sourceTree = "<group>"; };
		54BBCF4C1CC7951400C22E58 /* white_chocolate_donut.jpg */ = {isa = PBXFileReference; lastKnownFileType = image.jpeg; path = white_chocolate_donut.jpg; sourceTree = "<group>"; };
/* End PBXFileReference section */

/* Begin PBXFrameworksBuildPhase section */
		54BBCF001CC7929F00C22E58 /* Frameworks */ = {
			isa = PBXFrameworksBuildPhase;
			buildActionMask = 2147483647;
			files = (
			);
			runOnlyForDeploymentPostprocessing = 0;
		};
		54BBCF191CC7929F00C22E58 /* Frameworks */ = {
			isa = PBXFrameworksBuildPhase;
			buildActionMask = 2147483647;
			files = (
			);
			runOnlyForDeploymentPostprocessing = 0;
		};
		54BBCF241CC7929F00C22E58 /* Frameworks */ = {
			isa = PBXFrameworksBuildPhase;
			buildActionMask = 2147483647;
			files = (
			);
			runOnlyForDeploymentPostprocessing = 0;
		};
/* End PBXFrameworksBuildPhase section */

/* Begin PBXGroup section */
		54BBCEFA1CC7929F00C22E58 = {
			isa = PBXGroup;
			children = (
				54BBCF051CC7929F00C22E58 /* collectionView */,
				54BBCF1F1CC7929F00C22E58 /* collectionViewTests */,
				54BBCF2A1CC7929F00C22E58 /* collectionViewUITests */,
				54BBCF041CC7929F00C22E58 /* Products */,
			);
			sourceTree = "<group>";
		};
		54BBCF041CC7929F00C22E58 /* Products */ = {
			isa = PBXGroup;
			children = (
				54BBCF031CC7929F00C22E58 /* collectionView.app */,
				54BBCF1C1CC7929F00C22E58 /* collectionViewTests.xctest */,
				54BBCF271CC7929F00C22E58 /* collectionViewUITests.xctest */,
			);
			name = Products;
			sourceTree = "<group>";
		};
		54BBCF051CC7929F00C22E58 /* collectionView */ = {
			isa = PBXGroup;
			children = (
				54BBCF091CC7929F00C22E58 /* AppDelegate.h */,
				54BBCF0A1CC7929F00C22E58 /* AppDelegate.m */,
				54BBCF3C1CC7951400C22E58 /* angry_birds_cake.jpg */,
				54BBCF3D1CC7951400C22E58 /* creme_brelee.jpg */,
				54BBCF3E1CC7951400C22E58 /* egg_benedict.jpg */,
				54BBCF3F1CC7951400C22E58 /* full_breakfast.jpg */,
				54BBCF401CC7951400C22E58 /* green_tea.jpg */,
				54BBCF411CC7951400C22E58 /* ham_and_cheese_panini.jpg */,
				54BBCF421CC7951400C22E58 /* ham_and_egg_sandwich.jpg */,
				54BBCF431CC7951400C22E58 /* hamburger.jpg */,
				54BBCF441CC7951400C22E58 /* instant_noodle_with_egg.jpg */,
				54BBCF451CC7951400C22E58 /* japanese_noodle_with_pork.jpg */,
				54BBCF461CC7951400C22E58 /* mushroom_risotto.jpg */,
				54BBCF471CC7951400C22E58 /* noodle_with_bbq_pork.jpg */,
				54BBCF481CC7951400C22E58 /* photo-frame.png */,
				54BBCF491CC7951400C22E58 /* starbucks_coffee.jpg */,
				54BBCF4A1CC7951400C22E58 /* thai_shrimp_cake.jpg */,
				54BBCF4B1CC7951400C22E58 /* vegetable_curry.jpg */,
				54BBCF4C1CC7951400C22E58 /* white_chocolate_donut.jpg */,
				54BBCF0F1CC7929F00C22E58 /* Main.storyboard */,
				54BBCF391CC7942100C22E58 /* RecipeCollectionCollectionViewController.h */,
				54BBCF3A1CC7942100C22E58 /* RecipeCollectionCollectionViewController.m */,
				54BBCF121CC7929F00C22E58 /* Assets.xcassets */,
				54BBCF141CC7929F00C22E58 /* LaunchScreen.storyboard */,
				54BBCF171CC7929F00C22E58 /* Info.plist */,
				54BBCF061CC7929F00C22E58 /* Supporting Files */,
			);
			path = collectionView;
			sourceTree = "<group>";
		};
		54BBCF061CC7929F00C22E58 /* Supporting Files */ = {
			isa = PBXGroup;
			children = (
				54BBCF071CC7929F00C22E58 /* main.m */,
			);
			name = "Supporting Files";
			sourceTree = "<group>";
		};
		54BBCF1F1CC7929F00C22E58 /* collectionViewTests */ = {
			isa = PBXGroup;
			children = (
				54BBCF201CC7929F00C22E58 /* collectionViewTests.m */,
				54BBCF221CC7929F00C22E58 /* Info.plist */,
			);
			path = collectionViewTests;
			sourceTree = "<group>";
		};
		54BBCF2A1CC7929F00C22E58 /* collectionViewUITests */ = {
			isa = PBXGroup;
			children = (
				54BBCF2B1CC7929F00C22E58 /* collectionViewUITests.m */,
				54BBCF2D1CC7929F00C22E58 /* Info.plist */,
			);
			path = collectionViewUITests;
			sourceTree = "<group>";
		};
/* End PBXGroup section */

/* Begin PBXNativeTarget section */
		54BBCF021CC7929F00C22E58 /* collectionView */ = {
			isa = PBXNativeTarget;
			buildConfigurationList = 54BBCF301CC7929F00C22E58 /* Build configuration list for PBXNativeTarget "collectionView" */;
			buildPhases = (
				54BBCEFF1CC7929F00C22E58 /* Sources */,
				54BBCF001CC7929F00C22E58 /* Frameworks */,
				54BBCF011CC7929F00C22E58 /* Resources */,
			);
			buildRules = (
			);
			dependencies = (
			);
			name = collectionView;
			productName = collectionView;
			productReference = 54BBCF031CC7929F00C22E58 /* collectionView.app */;
			productType = "com.apple.product-type.application";
		};
		54BBCF1B1CC7929F00C22E58 /* collectionViewTests */ = {
			isa = PBXNativeTarget;
			buildConfigurationList = 54BBCF331CC7929F00C22E58 /* Build configuration list for PBXNativeTarget "collectionViewTests" */;
			buildPhases = (
				54BBCF181CC7929F00C22E58 /* Sources */,
				54BBCF191CC7929F00C22E58 /* Frameworks */,
				54BBCF1A1CC7929F00C22E58 /* Resources */,
			);
			buildRules = (
			);
			dependencies = (
				54BBCF1E1CC7929F00C22E58 /* PBXTargetDependency */,
			);
			name = collectionViewTests;
			productName = collectionViewTests;
			productReference = 54BBCF1C1CC7929F00C22E58 /* collectionViewTests.xctest */;
			productType = "com.apple.product-type.bundle.unit-test";
		};
		54BBCF261CC7929F00C22E58 /* collectionViewUITests */ = {
			isa = PBXNativeTarget;
			buildConfigurationList = 54BBCF361CC7929F00C22E58 /* Build configuration list for PBXNativeTarget "collectionViewUITests" */;
			buildPhases = (
				54BBCF231CC7929F00C22E58 /* Sources */,
				54BBCF241CC7929F00C22E58 /* Frameworks */,
				54BBCF251CC7929F00C22E58 /* Resources */,
			);
			buildRules = (
			);
			dependencies = (
				54BBCF291CC7929F00C22E58 /* PBXTargetDependency */,
			);
			name = collectionViewUITests;
			productName = collectionViewUITests;
			productReference = 54BBCF271CC7929F00C22E58 /* collectionViewUITests.xctest */;
			productType = "com.apple.product-type.bundle.ui-testing";
		};
/* End PBXNativeTarget section */

/* Begin PBXProject section */
		54BBCEFB1CC7929F00C22E58 /* Project object */ = {
			isa = PBXProject;
			attributes = {
				LastUpgradeCheck = 0720;
				ORGANIZATIONNAME = amul;
				TargetAttributes = {
					54BBCF021CC7929F00C22E58 = {
						CreatedOnToolsVersion = 7.2;
					};
					54BBCF1B1CC7929F00C22E58 = {
						CreatedOnToolsVersion = 7.2;
						TestTargetID = 54BBCF021CC7929F00C22E58;
					};
					54BBCF261CC7929F00C22E58 = {
						CreatedOnToolsVersion = 7.2;
						TestTargetID = 54BBCF021CC7929F00C22E58;
					};
				};
			};
			buildConfigurationList = 54BBCEFE1CC7929F00C22E58 /* Build configuration list for PBXProject "collectionView" */;
			compatibilityVersion = "Xcode 3.2";
			developmentRegion = English;
			hasScannedForEncodings = 0;
			knownRegions = (
				en,
				Base,
			);
			mainGroup = 54BBCEFA1CC7929F00C22E58;
			productRefGroup = 54BBCF041CC7929F00C22E58 /* Products */;
			projectDirPath = "";
			projectRoot = "";
			targets = (
				54BBCF021CC7929F00C22E58 /* collectionView */,
				54BBCF1B1CC7929F00C22E58 /* collectionViewTests */,
				54BBCF261CC7929F00C22E58 /* collectionViewUITests */,
			);
		};
/* End PBXProject section */

/* Begin PBXResourcesBuildPhase section */
		54BBCF011CC7929F00C22E58 /* Resources */ = {
			isa = PBXResourcesBuildPhase;
			buildActionMask = 2147483647;
			files = (
				54BBCF501CC7951400C22E58 /* full_breakfast.jpg in Resources */,
				54BBCF161CC7929F00C22E58 /* LaunchScreen.storyboard in Resources */,
				54BBCF4E1CC7951400C22E58 /* creme_brelee.jpg in Resources */,
				54BBCF5D1CC7951400C22E58 /* white_chocolate_donut.jpg in Resources */,
				54BBCF131CC7929F00C22E58 /* Assets.xcassets in Resources */,
				54BBCF5B1CC7951400C22E58 /* thai_shrimp_cake.jpg in Resources */,
				54BBCF591CC7951400C22E58 /* photo-frame.png in Resources */,
				54BBCF551CC7951400C22E58 /* instant_noodle_with_egg.jpg in Resources */,
				54BBCF541CC7951400C22E58 /* hamburger.jpg in Resources */,
				54BBCF581CC7951400C22E58 /* noodle_with_bbq_pork.jpg in Resources */,
				54BBCF5A1CC7951400C22E58 /* starbucks_coffee.jpg in Resources */,
				54BBCF5C1CC7951400C22E58 /* vegetable_curry.jpg in Resources */,
				54BBCF4D1CC7951400C22E58 /* angry_birds_cake.jpg in Resources */,
				54BBCF111CC7929F00C22E58 /* Main.storyboard in Resources */,
				54BBCF521CC7951400C22E58 /* ham_and_cheese_panini.jpg in Resources */,
				54BBCF511CC7951400C22E58 /* green_tea.jpg in Resources */,
				54BBCF571CC7951400C22E58 /* mushroom_risotto.jpg in Resources */,
				54BBCF4F1CC7951400C22E58 /* egg_benedict.jpg in Resources */,
				54BBCF531CC7951400C22E58 /* ham_and_egg_sandwich.jpg in Resources */,
				54BBCF561CC7951400C22E58 /* japanese_noodle_with_pork.jpg in Resources */,
			);
			runOnlyForDeploymentPostprocessing = 0;
		};
		54BBCF1A1CC7929F00C22E58 /* Resources */ = {
			isa = PBXResourcesBuildPhase;
			buildActionMask = 2147483647;
			files = (
			);
			runOnlyForDeploymentPostprocessing = 0;
		};
		54BBCF251CC7929F00C22E58 /* Resources */ = {
			isa = PBXResourcesBuildPhase;
			buildActionMask = 2147483647;
			files = (
			);
			runOnlyForDeploymentPostprocessing = 0;
		};
/* End PBXResourcesBuildPhase section */

/* Begin PBXSourcesBuildPhase section */
		54BBCEFF1CC7929F00C22E58 /* Sources */ = {
			isa = PBXSourcesBuildPhase;
			buildActionMask = 2147483647;
			files = (
				54BBCF3B1CC7942100C22E58 /* RecipeCollectionCollectionViewController.m in Sources */,
				54BBCF0B1CC7929F00C22E58 /* AppDelegate.m in Sources */,
				54BBCF081CC7929F00C22E58 /* main.m in Sources */,
			);
			runOnlyForDeploymentPostprocessing = 0;
		};
		54BBCF181CC7929F00C22E58 /* Sources */ = {
			isa = PBXSourcesBuildPhase;
			buildActionMask = 2147483647;
			files = (
				54BBCF211CC7929F00C22E58 /* collectionViewTests.m in Sources */,
			);
			runOnlyForDeploymentPostprocessing = 0;
		};
		54BBCF231CC7929F00C22E58 /* Sources */ = {
			isa = PBXSourcesBuildPhase;
			buildActionMask = 2147483647;
			files = (
				54BBCF2C1CC7929F00C22E58 /* collectionViewUITests.m in Sources */,
			);
			runOnlyForDeploymentPostprocessing = 0;
		};
/* End PBXSourcesBuildPhase section */

/* Begin PBXTargetDependency section */
		54BBCF1E1CC7929F00C22E58 /* PBXTargetDependency */ = {
			isa = PBXTargetDependency;
			target = 54BBCF021CC7929F00C22E58 /* collectionView */;
			targetProxy = 54BBCF1D1CC7929F00C22E58 /* PBXContainerItemProxy */;
		};
		54BBCF291CC7929F00C22E58 /* PBXTargetDependency */ = {
			isa = PBXTargetDependency;
			target = 54BBCF021CC7929F00C22E58 /* collectionView */;
			targetProxy = 54BBCF281CC7929F00C22E58 /* PBXContainerItemProxy */;
		};
/* End PBXTargetDependency section */

/* Begin PBXVariantGroup section */
		54BBCF0F1CC7929F00C22E58 /* Main.storyboard */ = {
			isa = PBXVariantGroup;
			children = (
				54BBCF101CC7929F00C22E58 /* Base */,
			);
			name = Main.storyboard;
			sourceTree = "<group>";
		};
		54BBCF141CC7929F00C22E58 /* LaunchScreen.storyboard */ = {
			isa = PBXVariantGroup;
			children = (
				54BBCF151CC7929F00C22E58 /* Base */,
			);
			name = LaunchScreen.storyboard;
			sourceTree = "<group>";
		};
/* End PBXVariantGroup section */

/* Begin XCBuildConfiguration section */
		54BBCF2E1CC7929F00C22E58 /* Debug */ = {
			isa = XCBuildConfiguration;
			buildSettings = {
				ALWAYS_SEARCH_USER_PATHS = NO;
				CLANG_CXX_LANGUAGE_STANDARD = "gnu++0x";
				CLANG_CXX_LIBRARY = "libc++";
				CLANG_ENABLE_MODULES = YES;
				CLANG_ENABLE_OBJC_ARC = YES;
				CLANG_WARN_BOOL_CONVERSION = YES;
				CLANG_WARN_CONSTANT_CONVERSION = YES;
				CLANG_WARN_DIRECT_OBJC_ISA_USAGE = YES_ERROR;
				CLANG_WARN_EMPTY_BODY = YES;
				CLANG_WARN_ENUM_CONVERSION = YES;
				CLANG_WARN_INT_CONVERSION = YES;
				CLANG_WARN_OBJC_ROOT_CLASS = YES_ERROR;
				CLANG_WARN_UNREACHABLE_CODE = YES;
				CLANG_WARN__DUPLICATE_METHOD_MATCH = YES;
				"CODE_SIGN_IDENTITY[sdk=iphoneos*]" = "iPhone Developer";
				COPY_PHASE_STRIP = NO;
				DEBUG_INFORMATION_FORMAT = dwarf;
				ENABLE_STRICT_OBJC_MSGSEND = YES;
				ENABLE_TESTABILITY = YES;
				GCC_C_LANGUAGE_STANDARD = gnu99;
				GCC_DYNAMIC_NO_PIC = NO;
				GCC_NO_COMMON_BLOCKS = YES;
				GCC_OPTIMIZATION_LEVEL = 0;
				GCC_PREPROCESSOR_DEFINITIONS = (
					"DEBUG=1",
					"$(inherited)",
				);
				GCC_WARN_64_TO_32_BIT_CONVERSION = YES;
				GCC_WARN_ABOUT_RETURN_TYPE = YES_ERROR;
				GCC_WARN_UNDECLARED_SELECTOR = YES;
				GCC_WARN_UNINITIALIZED_AUTOS = YES_AGGRESSIVE;
				GCC_WARN_UNUSED_FUNCTION = YES;
				GCC_WARN_UNUSED_VARIABLE = YES;
				IPHONEOS_DEPLOYMENT_TARGET = 9.2;
				MTL_ENABLE_DEBUG_INFO = YES;
				ONLY_ACTIVE_ARCH = YES;
				SDKROOT = iphoneos;
			};
			name = Debug;
		};
		54BBCF2F1CC7929F00C22E58 /* Release */ = {
			isa = XCBuildConfiguration;
			buildSettings = {
				ALWAYS_SEARCH_USER_PATHS = NO;
				CLANG_CXX_LANGUAGE_STANDARD = "gnu++0x";
				CLANG_CXX_LIBRARY = "libc++";
				CLANG_ENABLE_MODULES = YES;
				CLANG_ENABLE_OBJC_ARC = YES;
				CLANG_WARN_BOOL_CONVERSION = YES;
				CLANG_WARN_CONSTANT_CONVERSION = YES;
				CLANG_WARN_DIRECT_OBJC_ISA_USAGE = YES_ERROR;
				CLANG_WARN_EMPTY_BODY = YES;
				CLANG_WARN_ENUM_CONVERSION = YES;
				CLANG_WARN_INT_CONVERSION = YES;
				CLANG_WARN_OBJC_ROOT_CLASS = YES_ERROR;
				CLANG_WARN_UNREACHABLE_CODE = YES;
				CLANG_WARN__DUPLICATE_METHOD_MATCH = YES;
				"CODE_SIGN_IDENTITY[sdk=iphoneos*]" = "iPhone Developer";
				COPY_PHASE_STRIP = NO;
				DEBUG_INFORMATION_FORMAT = "dwarf-with-dsym";
				ENABLE_NS_ASSERTIONS = NO;
				ENABLE_STRICT_OBJC_MSGSEND = YES;
				GCC_C_LANGUAGE_STANDARD = gnu99;
				GCC_NO_COMMON_BLOCKS = YES;
				GCC_WARN_64_TO_32_BIT_CONVERSION = YES;
				GCC_WARN_ABOUT_RETURN_TYPE = YES_ERROR;
				GCC_WARN_UNDECLARED_SELECTOR = YES;
				GCC_WARN_UNINITIALIZED_AUTOS = YES_AGGRESSIVE;
				GCC_WARN_UNUSED_FUNCTION = YES;
				GCC_WARN_UNUSED_VARIABLE = YES;
				IPHONEOS_DEPLOYMENT_TARGET = 9.2;
				MTL_ENABLE_DEBUG_INFO = NO;
				SDKROOT = iphoneos;
				VALIDATE_PRODUCT = YES;
			};
			name = Release;
		};
		54BBCF311CC7929F00C22E58 /* Debug */ = {
			isa = XCBuildConfiguration;
			buildSettings = {
				ASSETCATALOG_COMPILER_APPICON_NAME = AppIcon;
				INFOPLIST_FILE = collectionView/Info.plist;
				LD_RUNPATH_SEARCH_PATHS = "$(inherited) @executable_path/Frameworks";
				PRODUCT_BUNDLE_IDENTIFIER = com.amul.collectionView;
				PRODUCT_NAME = "$(TARGET_NAME)";
			};
			name = Debug;
		};
		54BBCF321CC7929F00C22E58 /* Release */ = {
			isa = XCBuildConfiguration;
			buildSettings = {
				ASSETCATALOG_COMPILER_APPICON_NAME = AppIcon;
				INFOPLIST_FILE = collectionView/Info.plist;
				LD_RUNPATH_SEARCH_PATHS = "$(inherited) @executable_path/Frameworks";
				PRODUCT_BUNDLE_IDENTIFIER = com.amul.collectionView;
				PRODUCT_NAME = "$(TARGET_NAME)";
			};
			name = Release;
		};
		54BBCF341CC7929F00C22E58 /* Debug */ = {
			isa = XCBuildConfiguration;
			buildSettings = {
				BUNDLE_LOADER = "$(TEST_HOST)";
				INFOPLIST_FILE = collectionViewTests/Info.plist;
				LD_RUNPATH_SEARCH_PATHS = "$(inherited) @executable_path/Frameworks @loader_path/Frameworks";
				PRODUCT_BUNDLE_IDENTIFIER = com.amul.collectionViewTests;
				PRODUCT_NAME = "$(TARGET_NAME)";
				TEST_HOST = "$(BUILT_PRODUCTS_DIR)/collectionView.app/collectionView";
			};
			name = Debug;
		};
		54BBCF351CC7929F00C22E58 /* Release */ = {
			isa = XCBuildConfiguration;
			buildSettings = {
				BUNDLE_LOADER = "$(TEST_HOST)";
				INFOPLIST_FILE = collectionViewTests/Info.plist;
				LD_RUNPATH_SEARCH_PATHS = "$(inherited) @executable_path/Frameworks @loader_path/Frameworks";
				PRODUCT_BUNDLE_IDENTIFIER = com.amul.collectionViewTests;
				PRODUCT_NAME = "$(TARGET_NAME)";
				TEST_HOST = "$(BUILT_PRODUCTS_DIR)/collectionView.app/collectionView";
			};
			name = Release;
		};
		54BBCF371CC7929F00C22E58 /* Debug */ = {
			isa = XCBuildConfiguration;
			buildSettings = {
				INFOPLIST_FILE = collectionViewUITests/Info.plist;
				LD_RUNPATH_SEARCH_PATHS = "$(inherited) @executable_path/Frameworks @loader_path/Frameworks";
				PRODUCT_BUNDLE_IDENTIFIER = com.amul.collectionViewUITests;
				PRODUCT_NAME = "$(TARGET_NAME)";
				TEST_TARGET_NAME = collectionView;
				USES_XCTRUNNER = YES;
			};
			name = Debug;
		};
		54BBCF381CC7929F00C22E58 /* Release */ = {
			isa = XCBuildConfiguration;
			buildSettings = {
				INFOPLIST_FILE = collectionViewUITests/Info.plist;
				LD_RUNPATH_SEARCH_PATHS = "$(inherited) @executable_path/Frameworks @loader_path/Frameworks";
				PRODUCT_BUNDLE_IDENTIFIER = com.amul.collectionViewUITests;
				PRODUCT_NAME = "$(TARGET_NAME)";
				TEST_TARGET_NAME = collectionView;
				USES_XCTRUNNER = YES;
			};
			name = Release;
		};
/* End XCBuildConfiguration section */

/* Begin XCConfigurationList section */
		54BBCEFE1CC7929F00C22E58 /* Build configuration list for PBXProject "collectionView" */ = {
			isa = XCConfigurationList;
			buildConfigurations = (
				54BBCF2E1CC7929F00C22E58 /* Debug */,
				54BBCF2F1CC7929F00C22E58 /* Release */,
			);
			defaultConfigurationIsVisible = 0;
			defaultConfigurationName = Release;
		};
		54BBCF301CC7929F00C22E58 /* Build configuration list for PBXNativeTarget "collectionView" */ = {
			isa = XCConfigurationList;
			buildConfigurations = (
				54BBCF311CC7929F00C22E58 /* Debug */,
				54BBCF321CC7929F00C22E58 /* Release */,
			);
			defaultConfigurationIsVisible = 0;
		};
		54BBCF331CC7929F00C22E58 /* Build configuration list for PBXNativeTarget "collectionViewTests" */ = {
			isa = XCConfigurationList;
			buildConfigurations = (
				54BBCF341CC7929F00C22E58 /* Debug */,
				54BBCF351CC7929F00C22E58 /* Release */,
			);
			defaultConfigurationIsVisible = 0;
		};
		54BBCF361CC7929F00C22E58 /* Build configuration list for PBXNativeTarget "collectionViewUITests" */ = {
			isa = XCConfigurationList;
			buildConfigurations = (
				54BBCF371CC7929F00C22E58 /* Debug */,
				54BBCF381CC7929F00C22E58 /* Release */,
			);
			defaultConfigurationIsVisible = 0;
		};
/* End XCConfigurationList section */
	};
	rootObject = 54BBCEFB1CC7929F00C22E58 /* Project object */;
}
